
Microsoft Visual Studio Solution File, Format Version 12.00
# Visual Studio Version 17
VisualStudioVersion = 17.12.35506.116 d17.12
MinimumVisualStudioVersion = 10.0.40219.1
Project("{FAE04EC0-301F-11D3-BF4B-00C04F79EFBC}") = "Digital Notes Manager", "Digital Notes Manager\Digital Notes Manager.csproj", "{DD471D90-30B3-469C-BA63-009969C3DB90}"
EndProject
Global
	GlobalSection(SolutionConfigurationPlatforms) = preSolution
		Debug|Any CPU = Debug|Any CPU
		Release|Any CPU = Release|Any CPU
	EndGlobalSection
	GlobalSection(ProjectConfigurationPlatforms) = postSolution
		{DD471D90-30B3-469C-BA63-009969C3DB90}.Debug|Any CPU.ActiveCfg = Debug|Any CPU
		{DD471D90-30B3-469C-BA63-009969C3DB90}.Debug|Any CPU.Build.0 = Debug|Any CPU
		{DD471D90-30B3-469C-BA63-009969C3DB90}.Release|Any CPU.ActiveCfg = Release|Any CPU
		{DD471D90-30B3-469C-BA63-009969C3DB90}.Release|Any CPU.Build.0 = Release|Any CPU
	EndGlobalSection
	GlobalSection(SolutionProperties) = preSolution
		HideSolutionNode = FALSE
	EndGlobalSection
EndGlobal
